
Microsoft Visual Studio Solution File, Format Version 12.00
# Visual Studio Version 16
VisualStudioVersion = 16.0.30804.86
MinimumVisualStudioVersion = 10.0.40219.1
Project("{FAE04EC0-301F-11D3-BF4B-00C04F79EFBC}") = "TopRestaurants", "TopRestaurants.csproj", "{349EFF5C-5930-4B1C-B516-BF7E5348E4EF}"
EndProject
Global
	GlobalSection(SolutionConfigurationPlatforms) = preSolution
		Debug|Any CPU = Debug|Any CPU
		Release|Any CPU = Release|Any CPU
	EndGlobalSection
	GlobalSection(ProjectConfigurationPlatforms) = postSolution
		{349EFF5C-5930-4B1C-B516-BF7E5348E4EF}.Debug|Any CPU.ActiveCfg = Debug|Any CPU
		{349EFF5C-5930-4B1C-B516-BF7E5348E4EF}.Debug|Any CPU.Build.0 = Debug|Any CPU
		{349EFF5C-5930-4B1C-B516-BF7E5348E4EF}.Release|Any CPU.ActiveCfg = Release|Any CPU
		{349EFF5C-5930-4B1C-B516-BF7E5348E4EF}.Release|Any CPU.Build.0 = Release|Any CPU
	EndGlobalSection
	GlobalSection(SolutionProperties) = preSolution
		HideSolutionNode = FALSE
	EndGlobalSection
	GlobalSection(ExtensibilityGlobals) = postSolution
		SolutionGuid = {EC513408-0257-4999-9168-5A1BDE91DCDE}
	EndGlobalSection
EndGlobal
